
Microsoft Visual Studio Solution File, Format Version 12.00
# Visual Studio Version 17
VisualStudioVersion = 17.4.33110.190
MinimumVisualStudioVersion = 10.0.40219.1
Project("{9A19103F-16F7-4668-BE54-9A1E7A4F7556}") = "MultiProjects", "MultiProjects\MultiProjects.csproj", "{E3484007-3487-475A-AFCC-593F08A8F7F2}"
EndProject
Project("{9A19103F-16F7-4668-BE54-9A1E7A4F7556}") = "Emp_Table_ClassLibrary", "Emp_Table_ClassLibrary\Emp_Table_ClassLibrary.csproj", "{29F89CE0-5BBE-4EB2-84AA-5EA11BFA5899}"
EndProject
Project("{9A19103F-16F7-4668-BE54-9A1E7A4F7556}") = "Department_Table_ClassLibrary", "Department_Table_ClassLibrary\Department_Table_ClassLibrary.csproj", "{63A606FA-1EF4-4307-AEE1-9F4343211510}"
EndProject
Project("{FAE04EC0-301F-11D3-BF4B-00C04F79EFBC}") = "ClassLibrary1", "ClassLibrary1\ClassLibrary1.csproj", "{8E4EE59F-5C92-47FF-92F7-CF53537B1370}"
EndProject
Global
	GlobalSection(SolutionConfigurationPlatforms) = preSolution
		Debug|Any CPU = Debug|Any CPU
		Release|Any CPU = Release|Any CPU
	EndGlobalSection
	GlobalSection(ProjectConfigurationPlatforms) = postSolution
		{E3484007-3487-475A-AFCC-593F08A8F7F2}.Debug|Any CPU.ActiveCfg = Debug|Any CPU
		{E3484007-3487-475A-AFCC-593F08A8F7F2}.Debug|Any CPU.Build.0 = Debug|Any CPU
		{E3484007-3487-475A-AFCC-593F08A8F7F2}.Release|Any CPU.ActiveCfg = Release|Any CPU
		{E3484007-3487-475A-AFCC-593F08A8F7F2}.Release|Any CPU.Build.0 = Release|Any CPU
		{29F89CE0-5BBE-4EB2-84AA-5EA11BFA5899}.Debug|Any CPU.ActiveCfg = Debug|Any CPU
		{29F89CE0-5BBE-4EB2-84AA-5EA11BFA5899}.Debug|Any CPU.Build.0 = Debug|Any CPU
		{29F89CE0-5BBE-4EB2-84AA-5EA11BFA5899}.Release|Any CPU.ActiveCfg = Release|Any CPU
		{29F89CE0-5BBE-4EB2-84AA-5EA11BFA5899}.Release|Any CPU.Build.0 = Release|Any CPU
		{63A606FA-1EF4-4307-AEE1-9F4343211510}.Debug|Any CPU.ActiveCfg = Debug|Any CPU
		{63A606FA-1EF4-4307-AEE1-9F4343211510}.Debug|Any CPU.Build.0 = Debug|Any CPU
		{63A606FA-1EF4-4307-AEE1-9F4343211510}.Release|Any CPU.ActiveCfg = Release|Any CPU
		{63A606FA-1EF4-4307-AEE1-9F4343211510}.Release|Any CPU.Build.0 = Release|Any CPU
		{8E4EE59F-5C92-47FF-92F7-CF53537B1370}.Debug|Any CPU.ActiveCfg = Debug|Any CPU
		{8E4EE59F-5C92-47FF-92F7-CF53537B1370}.Debug|Any CPU.Build.0 = Debug|Any CPU
		{8E4EE59F-5C92-47FF-92F7-CF53537B1370}.Release|Any CPU.ActiveCfg = Release|Any CPU
		{8E4EE59F-5C92-47FF-92F7-CF53537B1370}.Release|Any CPU.Build.0 = Release|Any CPU
	EndGlobalSection
	GlobalSection(SolutionProperties) = preSolution
		HideSolutionNode = FALSE
	EndGlobalSection
	GlobalSection(ExtensibilityGlobals) = postSolution
		SolutionGuid = {0A354D78-4027-42EE-89E4-6B004D8B6E85}
	EndGlobalSection
EndGlobal
